
Microsoft Visual Studio Solution File, Format Version 12.00
# Visual Studio Version 16
VisualStudioVersion = 16.0.29503.13
MinimumVisualStudioVersion = 10.0.40219.1
Project("{9A19103F-16F7-4668-BE54-9A1E7A4F7556}") = "XeroRefactoredApp", ".\XeroRefactoredApp\XeroRefactoredApp.csproj", "{D6CB3B6D-49EC-4453-864E-025819E2FFC1}"
EndProject
Project("{FAE04EC0-301F-11D3-BF4B-00C04F79EFBC}") = "XeroRefactoredAppTests", ".\XeroRefactoredAppTests\XeroRefactoredAppTests.csproj", "{861DE359-E537-4565-A97F-907E22821ABE}"
EndProject
Global
	GlobalSection(SolutionConfigurationPlatforms) = preSolution
		Debug|Any CPU = Debug|Any CPU
		Release|Any CPU = Release|Any CPU
	EndGlobalSection
	GlobalSection(ProjectConfigurationPlatforms) = postSolution
		{D6CB3B6D-49EC-4453-864E-025819E2FFC1}.Debug|Any CPU.ActiveCfg = Debug|Any CPU
		{D6CB3B6D-49EC-4453-864E-025819E2FFC1}.Debug|Any CPU.Build.0 = Debug|Any CPU
		{D6CB3B6D-49EC-4453-864E-025819E2FFC1}.Release|Any CPU.ActiveCfg = Release|Any CPU
		{D6CB3B6D-49EC-4453-864E-025819E2FFC1}.Release|Any CPU.Build.0 = Release|Any CPU
		{861DE359-E537-4565-A97F-907E22821ABE}.Debug|Any CPU.ActiveCfg = Debug|Any CPU
		{861DE359-E537-4565-A97F-907E22821ABE}.Debug|Any CPU.Build.0 = Debug|Any CPU
		{861DE359-E537-4565-A97F-907E22821ABE}.Release|Any CPU.ActiveCfg = Release|Any CPU
		{861DE359-E537-4565-A97F-907E22821ABE}.Release|Any CPU.Build.0 = Release|Any CPU
	EndGlobalSection
	GlobalSection(SolutionProperties) = preSolution
		HideSolutionNode = FALSE
	EndGlobalSection
	GlobalSection(ExtensibilityGlobals) = postSolution
		SolutionGuid = {8F92CA14-0ED2-4121-861E-72A624B9E932}
	EndGlobalSection
EndGlobal
